
Microsoft Visual Studio Solution File, Format Version 12.00
# Visual Studio Version 17
VisualStudioVersion = 17.6.33829.357
MinimumVisualStudioVersion = 10.0.40219.1
Project("{FAE04EC0-301F-11D3-BF4B-00C04F79EFBC}") = "BulkyWeb", "BulkyWeb\BulkyWeb.csproj", "{B3060C75-51A2-4508-A86A-3281BB3B9FF3}"
EndProject
Global
	GlobalSection(SolutionConfigurationPlatforms) = preSolution
		Debug|Any CPU = Debug|Any CPU
		Release|Any CPU = Release|Any CPU
	EndGlobalSection
	GlobalSection(ProjectConfigurationPlatforms) = postSolution
		{B3060C75-51A2-4508-A86A-3281BB3B9FF3}.Debug|Any CPU.ActiveCfg = Debug|Any CPU
		{B3060C75-51A2-4508-A86A-3281BB3B9FF3}.Debug|Any CPU.Build.0 = Debug|Any CPU
		{B3060C75-51A2-4508-A86A-3281BB3B9FF3}.Release|Any CPU.ActiveCfg = Release|Any CPU
		{B3060C75-51A2-4508-A86A-3281BB3B9FF3}.Release|Any CPU.Build.0 = Release|Any CPU
	EndGlobalSection
	GlobalSection(SolutionProperties) = preSolution
		HideSolutionNode = FALSE
	EndGlobalSection
	GlobalSection(ExtensibilityGlobals) = postSolution
		SolutionGuid = {DF7B78CB-D940-4C04-A186-783E715DA3ED}
	EndGlobalSection
EndGlobal
